
Microsoft Visual Studio Solution File, Format Version 12.00
Project("{FAE04EC0-301F-11D3-BF4B-00C04F79EFBC}") = "Common", "Common\Common.csproj", "{59CABCCC-C566-4AD7-85A7-2E271A3158FB}"
EndProject
Project("{FAE04EC0-301F-11D3-BF4B-00C04F79EFBC}") = "UserAPI", "UserAPI\UserAPI.csproj", "{A7B300FF-C043-4C7B-9F7F-12DCDE34AA60}"
EndProject
Project("{FAE04EC0-301F-11D3-BF4B-00C04F79EFBC}") = "Data", "Data\Data.csproj", "{596C50C1-5768-4C9A-918E-2A5ECE1A0437}"
EndProject
Project("{FAE04EC0-301F-11D3-BF4B-00C04F79EFBC}") = "UserMVC", "UserMVC\UserMVC.csproj", "{8BEB8C39-D7B0-4731-A3D1-5461087F5262}"
EndProject
Project("{FAE04EC0-301F-11D3-BF4B-00C04F79EFBC}") = "AdminMVC", "AdminMVC\AdminMVC.csproj", "{0F93BF6B-8352-40EE-AC19-C80E3A015DEE}"
EndProject
Project("{FAE04EC0-301F-11D3-BF4B-00C04F79EFBC}") = "Logic", "Logic\Logic.csproj", "{4F5BD53D-85EB-45E7-83F4-AD9A0FBF365E}"
EndProject
Project("{FAE04EC0-301F-11D3-BF4B-00C04F79EFBC}") = "Data.EF", "Data.EF\Data.EF.csproj", "{F2168A60-A66E-4671-8711-76F4ADF37784}"
EndProject
Global
	GlobalSection(SolutionConfigurationPlatforms) = preSolution
		Debug|Any CPU = Debug|Any CPU
		Release|Any CPU = Release|Any CPU
	EndGlobalSection
	GlobalSection(ProjectConfigurationPlatforms) = postSolution
		{59CABCCC-C566-4AD7-85A7-2E271A3158FB}.Debug|Any CPU.ActiveCfg = Debug|Any CPU
		{59CABCCC-C566-4AD7-85A7-2E271A3158FB}.Debug|Any CPU.Build.0 = Debug|Any CPU
		{59CABCCC-C566-4AD7-85A7-2E271A3158FB}.Release|Any CPU.ActiveCfg = Release|Any CPU
		{59CABCCC-C566-4AD7-85A7-2E271A3158FB}.Release|Any CPU.Build.0 = Release|Any CPU
		{A7B300FF-C043-4C7B-9F7F-12DCDE34AA60}.Debug|Any CPU.ActiveCfg = Debug|Any CPU
		{A7B300FF-C043-4C7B-9F7F-12DCDE34AA60}.Debug|Any CPU.Build.0 = Debug|Any CPU
		{A7B300FF-C043-4C7B-9F7F-12DCDE34AA60}.Release|Any CPU.ActiveCfg = Release|Any CPU
		{A7B300FF-C043-4C7B-9F7F-12DCDE34AA60}.Release|Any CPU.Build.0 = Release|Any CPU
		{596C50C1-5768-4C9A-918E-2A5ECE1A0437}.Debug|Any CPU.ActiveCfg = Debug|Any CPU
		{596C50C1-5768-4C9A-918E-2A5ECE1A0437}.Debug|Any CPU.Build.0 = Debug|Any CPU
		{596C50C1-5768-4C9A-918E-2A5ECE1A0437}.Release|Any CPU.ActiveCfg = Release|Any CPU
		{596C50C1-5768-4C9A-918E-2A5ECE1A0437}.Release|Any CPU.Build.0 = Release|Any CPU
		{8BEB8C39-D7B0-4731-A3D1-5461087F5262}.Debug|Any CPU.ActiveCfg = Debug|Any CPU
		{8BEB8C39-D7B0-4731-A3D1-5461087F5262}.Debug|Any CPU.Build.0 = Debug|Any CPU
		{8BEB8C39-D7B0-4731-A3D1-5461087F5262}.Release|Any CPU.ActiveCfg = Release|Any CPU
		{8BEB8C39-D7B0-4731-A3D1-5461087F5262}.Release|Any CPU.Build.0 = Release|Any CPU
		{0F93BF6B-8352-40EE-AC19-C80E3A015DEE}.Debug|Any CPU.ActiveCfg = Debug|Any CPU
		{0F93BF6B-8352-40EE-AC19-C80E3A015DEE}.Debug|Any CPU.Build.0 = Debug|Any CPU
		{0F93BF6B-8352-40EE-AC19-C80E3A015DEE}.Release|Any CPU.ActiveCfg = Release|Any CPU
		{0F93BF6B-8352-40EE-AC19-C80E3A015DEE}.Release|Any CPU.Build.0 = Release|Any CPU
		{4F5BD53D-85EB-45E7-83F4-AD9A0FBF365E}.Debug|Any CPU.ActiveCfg = Debug|Any CPU
		{4F5BD53D-85EB-45E7-83F4-AD9A0FBF365E}.Debug|Any CPU.Build.0 = Debug|Any CPU
		{4F5BD53D-85EB-45E7-83F4-AD9A0FBF365E}.Release|Any CPU.ActiveCfg = Release|Any CPU
		{4F5BD53D-85EB-45E7-83F4-AD9A0FBF365E}.Release|Any CPU.Build.0 = Release|Any CPU
		{F2168A60-A66E-4671-8711-76F4ADF37784}.Debug|Any CPU.ActiveCfg = Debug|Any CPU
		{F2168A60-A66E-4671-8711-76F4ADF37784}.Debug|Any CPU.Build.0 = Debug|Any CPU
	EndGlobalSection
EndGlobal
